{
  "name": "assets",
  "lockfileVersion": 2,
  "requires": true,
  "packages": {
    "": {
      "dependencies": {
        "lit": "^2.0.0"
      }
    },
    "node_modules/@lit/reactive-element": {
      "version": "1.0.0",
      "resolved": "https://registry.npmjs.org/@lit/reactive-element/-/reactive-element-1.0.0.tgz",
      "integrity": "sha512-Kpgenb8UNFsKCsFhggiVvUkCbcFQSd6N8hffYEEGjz27/4rw3cTSsmP9t3q1EHOAsdum60Wo64HvuZDFpEwexA=="
    },
    "node_modules/@types/trusted-types": {
      "version": "2.0.2",
      "resolved": "https://registry.npmjs.org/@types/trusted-types/-/trusted-types-2.0.2.tgz",
      "integrity": "sha512-F5DIZ36YVLE+PN+Zwws4kJogq47hNgX3Nx6WyDJ3kcplxyke3XIzB8uK5n/Lpm1HBsbGzd6nmGehL8cPekP+Tg=="
    },
    "node_modules/lit": {
      "version": "2.0.0",
      "resolved": "https://registry.npmjs.org/lit/-/lit-2.0.0.tgz",
      "integrity": "sha512-pqi5O/wVzQ9Bn4ERRoYQlt1EAUWyY5Wv888vzpoArbtChc+zfUv1XohRqSdtQZYCogl0eHKd+MQwymg2XJfECg==",
      "dependencies": {
        "@lit/reactive-element": "^1.0.0",
        "lit-element": "^3.0.0",
        "lit-html": "^2.0.0"
      }
    },
    "node_modules/lit-element": {
      "version": "3.0.0",
      "resolved": "https://registry.npmjs.org/lit-element/-/lit-element-3.0.0.tgz",
      "integrity": "sha512-oPqRhhBBhs+AlI62QLwtWQNU/bNK/h2L1jI3IDroqZubo6XVAkyNy2dW3CRfjij8mrNlY7wULOfyyKKOnfEePA==",
      "dependencies": {
        "@lit/reactive-element": "^1.0.0",
        "lit-html": "^2.0.0"
      }
    },
    "node_modules/lit-html": {
      "version": "2.0.0",
      "resolved": "https://registry.npmjs.org/lit-html/-/lit-html-2.0.0.tgz",
      "integrity": "sha512-tJsCapCmc0vtLj6harqd6HfCxnlt/RSkgowtz4SC9dFE3nSL38Tb33I5HMDiyJsRjQZRTgpVsahrnDrR9wg27w==",
      "dependencies": {
        "@types/trusted-types": "^2.0.2"
      }
    }
  },
  "dependencies": {
    "@lit/reactive-element": {
      "version": "1.0.0",
      "resolved": "https://registry.npmjs.org/@lit/reactive-element/-/reactive-element-1.0.0.tgz",
      "integrity": "sha512-Kpgenb8UNFsKCsFhggiVvUkCbcFQSd6N8hffYEEGjz27/4rw3cTSsmP9t3q1EHOAsdum60Wo64HvuZDFpEwexA=="
    },
    "@types/trusted-types": {
      "version": "2.0.2",
      "resolved": "https://registry.npmjs.org/@types/trusted-types/-/trusted-types-2.0.2.tgz",
      "integrity": "sha512-F5DIZ36YVLE+PN+Zwws4kJogq47hNgX3Nx6WyDJ3kcplxyke3XIzB8uK5n/Lpm1HBsbGzd6nmGehL8cPekP+Tg=="
    },
    "lit": {
      "version": "2.0.0",
      "resolved": "https://registry.npmjs.org/lit/-/lit-2.0.0.tgz",
      "integrity": "sha512-pqi5O/wVzQ9Bn4ERRoYQlt1EAUWyY5Wv888vzpoArbtChc+zfUv1XohRqSdtQZYCogl0eHKd+MQwymg2XJfECg==",
      "requires": {
        "@lit/reactive-element": "^1.0.0",
        "lit-element": "^3.0.0",
        "lit-html": "^2.0.0"
      }
    },
    "lit-element": {
      "version": "3.0.0",
      "resolved": "https://registry.npmjs.org/lit-element/-/lit-element-3.0.0.tgz",
      "integrity": "sha512-oPqRhhBBhs+AlI62QLwtWQNU/bNK/h2L1jI3IDroqZubo6XVAkyNy2dW3CRfjij8mrNlY7wULOfyyKKOnfEePA==",
      "requires": {
        "@lit/reactive-element": "^1.0.0",
        "lit-html": "^2.0.0"
      }
    },
    "lit-html": {
      "version": "2.0.0",
      "resolved": "https://registry.npmjs.org/lit-html/-/lit-html-2.0.0.tgz",
      "integrity": "sha512-tJsCapCmc0vtLj6harqd6HfCxnlt/RSkgowtz4SC9dFE3nSL38Tb33I5HMDiyJsRjQZRTgpVsahrnDrR9wg27w==",
      "requires": {
        "@types/trusted-types": "^2.0.2"
      }
    }
  }
}
